// !$*UTF8*$!
{
	archiveVersion = 1;
	classes = {
	};
	objectVersion = 77;
	objects = {

/* Begin PBXContainerItemProxy section */
		B0B65C4D2E66A8C300C46EE7 /* PBXContainerItemProxy */ = {
			isa = PBXContainerItemProxy;
			containerPortal = B0B65C372E66A8C000C46EE7 /* Project object */;
			proxyType = 1;
			remoteGlobalIDString = B0B65C3E2E66A8C000C46EE7;
			remoteInfo = HingeTrade;
		};
		B0B65C572E66A8C300C46EE7 /* PBXContainerItemProxy */ = {
			isa = PBXContainerItemProxy;
			containerPortal = B0B65C372E66A8C000C46EE7 /* Project object */;
			proxyType = 1;
			remoteGlobalIDString = B0B65C3E2E66A8C000C46EE7;
			remoteInfo = HingeTrade;
		};
/* End PBXContainerItemProxy section */

/* Begin PBXFileReference section */
		B0B65C3F2E66A8C000C46EE7 /* HingeTradeTVOS.app */ = {isa = PBXFileReference; explicitFileType = wrapper.application; includeInIndex = 0; path = HingeTradeTVOS.app; sourceTree = BUILT_PRODUCTS_DIR; };
		B0B65C4C2E66A8C300C46EE7 /* HingeTradeTVOSTests.xctest */ = {isa = PBXFileReference; explicitFileType = wrapper.cfbundle; includeInIndex = 0; path = HingeTradeTVOSTests.xctest; sourceTree = BUILT_PRODUCTS_DIR; };
		B0B65C562E66A8C300C46EE7 /* HingeTradeTVOSUITests.xctest */ = {isa = PBXFileReference; explicitFileType = wrapper.cfbundle; includeInIndex = 0; path = HingeTradeTVOSUITests.xctest; sourceTree = BUILT_PRODUCTS_DIR; };
/* End PBXFileReference section */

/* Begin PBXFileSystemSynchronizedRootGroup section */
		B0B65C412E66A8C000C46EE7 /* HingeTrade */ = {
			isa = PBXFileSystemSynchronizedRootGroup;
			path = HingeTrade;
			sourceTree = "<group>";
		};
		B0B65C4F2E66A8C300C46EE7 /* HingeTradeTests */ = {
			isa = PBXFileSystemSynchronizedRootGroup;
			path = HingeTradeTests;
			sourceTree = "<group>";
		};
		B0B65C592E66A8C300C46EE7 /* HingeTradeUITests */ = {
			isa = PBXFileSystemSynchronizedRootGroup;
			path = HingeTradeUITests;
			sourceTree = "<group>";
		};
/* End PBXFileSystemSynchronizedRootGroup section */

/* Begin PBXFrameworksBuildPhase section */
		B0B65C3C2E66A8C000C46EE7 /* Frameworks */ = {
			isa = PBXFrameworksBuildPhase;
			buildActionMask = 2147483647;
			files = (
			);
			runOnlyForDeploymentPostprocessing = 0;
		};
		B0B65C492E66A8C300C46EE7 /* Frameworks */ = {
			isa = PBXFrameworksBuildPhase;
			buildActionMask = 2147483647;
			files = (
			);
			runOnlyForDeploymentPostprocessing = 0;
		};
		B0B65C532E66A8C300C46EE7 /* Frameworks */ = {
			isa = PBXFrameworksBuildPhase;
			buildActionMask = 2147483647;
			files = (
			);
			runOnlyForDeploymentPostprocessing = 0;
		};
/* End PBXFrameworksBuildPhase section */

/* Begin PBXGroup section */
		B0B65C362E66A8C000C46EE7 = {
			isa = PBXGroup;
			children = (
				B0B65C412E66A8C000C46EE7 /* HingeTrade */,
				B0B65C4F2E66A8C300C46EE7 /* HingeTradeTests */,
				B0B65C592E66A8C300C46EE7 /* HingeTradeUITests */,
				B0B65C402E66A8C000C46EE7 /* Products */,
			);
			sourceTree = "<group>";
		};
		B0B65C402E66A8C000C46EE7 /* Products */ = {
			isa = PBXGroup;
			children = (
				B0B65C3F2E66A8C000C46EE7 /* HingeTradeTVOS.app */,
				B0B65C4C2E66A8C300C46EE7 /* HingeTradeTVOSTests.xctest */,
				B0B65C562E66A8C300C46EE7 /* HingeTradeTVOSUITests.xctest */,
			);
			name = Products;
			sourceTree = "<group>";
		};
/* End PBXGroup section */

/* Begin PBXNativeTarget section */
		B0B65C3E2E66A8C000C46EE7 /* HingeTradeTVOS */ = {
			isa = PBXNativeTarget;
			buildConfigurationList = B0B65C602E66A8C300C46EE7 /* Build configuration list for PBXNativeTarget "HingeTradeTVOS" */;
			buildPhases = (
				B0B65C3B2E66A8C000C46EE7 /* Sources */,
				B0B65C3C2E66A8C000C46EE7 /* Frameworks */,
				B0B65C3D2E66A8C000C46EE7 /* Resources */,
			);
			buildRules = (
			);
			dependencies = (
			);
			fileSystemSynchronizedGroups = (
				B0B65C412E66A8C000C46EE7 /* HingeTrade */,
			);
			name = HingeTradeTVOS;
			packageProductDependencies = (
			);
			productName = HingeTrade;
			productReference = B0B65C3F2E66A8C000C46EE7 /* HingeTradeTVOS.app */;
			productType = "com.apple.product-type.application";
		};
		B0B65C4B2E66A8C300C46EE7 /* HingeTradeTVOSTests */ = {
			isa = PBXNativeTarget;
			buildConfigurationList = B0B65C632E66A8C300C46EE7 /* Build configuration list for PBXNativeTarget "HingeTradeTVOSTests" */;
			buildPhases = (
				B0B65C482E66A8C300C46EE7 /* Sources */,
				B0B65C492E66A8C300C46EE7 /* Frameworks */,
				B0B65C4A2E66A8C300C46EE7 /* Resources */,
			);
			buildRules = (
			);
			dependencies = (
				B0B65C4E2E66A8C300C46EE7 /* PBXTargetDependency */,
			);
			fileSystemSynchronizedGroups = (
				B0B65C4F2E66A8C300C46EE7 /* HingeTradeTests */,
			);
			name = HingeTradeTVOSTests;
			packageProductDependencies = (
			);
			productName = HingeTradeTests;
			productReference = B0B65C4C2E66A8C300C46EE7 /* HingeTradeTVOSTests.xctest */;
			productType = "com.apple.product-type.bundle.unit-test";
		};
		B0B65C552E66A8C300C46EE7 /* HingeTradeTVOSUITests */ = {
			isa = PBXNativeTarget;
			buildConfigurationList = B0B65C662E66A8C300C46EE7 /* Build configuration list for PBXNativeTarget "HingeTradeTVOSUITests" */;
			buildPhases = (
				B0B65C522E66A8C300C46EE7 /* Sources */,
				B0B65C532E66A8C300C46EE7 /* Frameworks */,
				B0B65C542E66A8C300C46EE7 /* Resources */,
			);
			buildRules = (
			);
			dependencies = (
				B0B65C582E66A8C300C46EE7 /* PBXTargetDependency */,
			);
			fileSystemSynchronizedGroups = (
				B0B65C592E66A8C300C46EE7 /* HingeTradeUITests */,
			);
			name = HingeTradeTVOSUITests;
			packageProductDependencies = (
			);
			productName = HingeTradeUITests;
			productReference = B0B65C562E66A8C300C46EE7 /* HingeTradeTVOSUITests.xctest */;
			productType = "com.apple.product-type.bundle.ui-testing";
		};
/* End PBXNativeTarget section */

/* Begin PBXProject section */
		B0B65C372E66A8C000C46EE7 /* Project object */ = {
			isa = PBXProject;
			attributes = {
				BuildIndependentTargetsInParallel = 1;
				LastSwiftUpdateCheck = 1640;
				LastUpgradeCheck = 1640;
				TargetAttributes = {
					B0B65C3E2E66A8C000C46EE7 = {
						CreatedOnToolsVersion = 16.4;
					};
					B0B65C4B2E66A8C300C46EE7 = {
						CreatedOnToolsVersion = 16.4;
						TestTargetID = B0B65C3E2E66A8C000C46EE7;
					};
					B0B65C552E66A8C300C46EE7 = {
						CreatedOnToolsVersion = 16.4;
						TestTargetID = B0B65C3E2E66A8C000C46EE7;
					};
				};
			};
			buildConfigurationList = B0B65C3A2E66A8C000C46EE7 /* Build configuration list for PBXProject "HingeTradeTVOS" */;
			developmentRegion = en;
			hasScannedForEncodings = 0;
			knownRegions = (
				en,
				Base,
			);
			mainGroup = B0B65C362E66A8C000C46EE7;
			minimizedProjectReferenceProxies = 1;
			preferredProjectObjectVersion = 77;
			productRefGroup = B0B65C402E66A8C000C46EE7 /* Products */;
			projectDirPath = "";
			projectRoot = "";
			targets = (
				B0B65C3E2E66A8C000C46EE7 /* HingeTradeTVOS */,
				B0B65C4B2E66A8C300C46EE7 /* HingeTradeTVOSTests */,
				B0B65C552E66A8C300C46EE7 /* HingeTradeTVOSUITests */,
			);
		};
/* End PBXProject section */

/* Begin PBXResourcesBuildPhase section */
		B0B65C3D2E66A8C000C46EE7 /* Resources */ = {
			isa = PBXResourcesBuildPhase;
			buildActionMask = 2147483647;
			files = (
			);
			runOnlyForDeploymentPostprocessing = 0;
		};
		B0B65C4A2E66A8C300C46EE7 /* Resources */ = {
			isa = PBXResourcesBuildPhase;
			buildActionMask = 2147483647;
			files = (
			);
			runOnlyForDeploymentPostprocessing = 0;
		};
		B0B65C542E66A8C300C46EE7 /* Resources */ = {
			isa = PBXResourcesBuildPhase;
			buildActionMask = 2147483647;
			files = (
			);
			runOnlyForDeploymentPostprocessing = 0;
		};
/* End PBXResourcesBuildPhase section */

/* Begin PBXSourcesBuildPhase section */
		B0B65C3B2E66A8C000C46EE7 /* Sources */ = {
			isa = PBXSourcesBuildPhase;
			buildActionMask = 2147483647;
			files = (
			);
			runOnlyForDeploymentPostprocessing = 0;
		};
		B0B65C482E66A8C300C46EE7 /* Sources */ = {
			isa = PBXSourcesBuildPhase;
			buildActionMask = 2147483647;
			files = (
			);
			runOnlyForDeploymentPostprocessing = 0;
		};
		B0B65C522E66A8C300C46EE7 /* Sources */ = {
			isa = PBXSourcesBuildPhase;
			buildActionMask = 2147483647;
			files = (
			);
			runOnlyForDeploymentPostprocessing = 0;
		};
/* End PBXSourcesBuildPhase section */

/* Begin PBXTargetDependency section */
		B0B65C4E2E66A8C300C46EE7 /* PBXTargetDependency */ = {
			isa = PBXTargetDependency;
			target = B0B65C3E2E66A8C000C46EE7 /* HingeTradeTVOS */;
			targetProxy = B0B65C4D2E66A8C300C46EE7 /* PBXContainerItemProxy */;
		};
		B0B65C582E66A8C300C46EE7 /* PBXTargetDependency */ = {
			isa = PBXTargetDependency;
			target = B0B65C3E2E66A8C000C46EE7 /* HingeTradeTVOS */;
			targetProxy = B0B65C572E66A8C300C46EE7 /* PBXContainerItemProxy */;
		};
/* End PBXTargetDependency section */

/* Begin XCBuildConfiguration section */
		B0B65C5E2E66A8C300C46EE7 /* Debug */ = {
			isa = XCBuildConfiguration;
			buildSettings = {
				ALWAYS_SEARCH_USER_PATHS = NO;
				ASSETCATALOG_COMPILER_GENERATE_SWIFT_ASSET_SYMBOL_EXTENSIONS = YES;
				CLANG_ANALYZER_NONNULL = YES;
				CLANG_ANALYZER_NUMBER_OBJECT_CONVERSION = YES_AGGRESSIVE;
				CLANG_CXX_LANGUAGE_STANDARD = "gnu++20";
				CLANG_ENABLE_MODULES = YES;
				CLANG_ENABLE_OBJC_ARC = YES;
				CLANG_ENABLE_OBJC_WEAK = YES;
				CLANG_WARN_BLOCK_CAPTURE_AUTORELEASING = YES;
				CLANG_WARN_BOOL_CONVERSION = YES;
				CLANG_WARN_COMMA = YES;
				CLANG_WARN_CONSTANT_CONVERSION = YES;
				CLANG_WARN_DEPRECATED_OBJC_IMPLEMENTATIONS = YES;
				CLANG_WARN_DIRECT_OBJC_ISA_USAGE = YES_ERROR;
				CLANG_WARN_DOCUMENTATION_COMMENTS = YES;
				CLANG_WARN_EMPTY_BODY = YES;
				CLANG_WARN_ENUM_CONVERSION = YES;
				CLANG_WARN_INFINITE_RECURSION = YES;
				CLANG_WARN_INT_CONVERSION = YES;
				CLANG_WARN_NON_LITERAL_NULL_CONVERSION = YES;
				CLANG_WARN_OBJC_IMPLICIT_RETAIN_SELF = YES;
				CLANG_WARN_OBJC_LITERAL_CONVERSION = YES;
				CLANG_WARN_OBJC_ROOT_CLASS = YES_ERROR;
				CLANG_WARN_QUOTED_INCLUDE_IN_FRAMEWORK_HEADER = YES;
				CLANG_WARN_RANGE_LOOP_ANALYSIS = YES;
				CLANG_WARN_STRICT_PROTOTYPES = YES;
				CLANG_WARN_SUSPICIOUS_MOVE = YES;
				CLANG_WARN_UNGUARDED_AVAILABILITY = YES_AGGRESSIVE;
				CLANG_WARN_UNREACHABLE_CODE = YES;
				CLANG_WARN__DUPLICATE_METHOD_MATCH = YES;
				COPY_PHASE_STRIP = NO;
				DEBUG_INFORMATION_FORMAT = dwarf;
				ENABLE_STRICT_OBJC_MSGSEND = YES;
				ENABLE_TESTABILITY = YES;
				ENABLE_USER_SCRIPT_SANDBOXING = YES;
				GCC_C_LANGUAGE_STANDARD = gnu17;
				GCC_DYNAMIC_NO_PIC = NO;
				GCC_NO_COMMON_BLOCKS = YES;
				GCC_OPTIMIZATION_LEVEL = 0;
				GCC_PREPROCESSOR_DEFINITIONS = (
					"DEBUG=1",
					"$(inherited)",
				);
				GCC_WARN_64_TO_32_BIT_CONVERSION = YES;
				GCC_WARN_ABOUT_RETURN_TYPE = YES_ERROR;
				GCC_WARN_UNDECLARED_SELECTOR = YES;
				GCC_WARN_UNINITIALIZED_AUTOS = YES_AGGRESSIVE;
				GCC_WARN_UNUSED_FUNCTION = YES;
				GCC_WARN_UNUSED_VARIABLE = YES;
				LOCALIZATION_PREFERS_STRING_CATALOGS = YES;
				MTL_ENABLE_DEBUG_INFO = INCLUDE_SOURCE;
				MTL_FAST_MATH = YES;
				ONLY_ACTIVE_ARCH = YES;
				SDKROOT = appletvos;
				SWIFT_ACTIVE_COMPILATION_CONDITIONS = "DEBUG $(inherited)";
				SWIFT_OPTIMIZATION_LEVEL = "-Onone";
				TVOS_DEPLOYMENT_TARGET = 18.5;
			};
			name = Debug;
		};
		B0B65C5F2E66A8C300C46EE7 /* Release */ = {
			isa = XCBuildConfiguration;
			buildSettings = {
				ALWAYS_SEARCH_USER_PATHS = NO;
				ASSETCATALOG_COMPILER_GENERATE_SWIFT_ASSET_SYMBOL_EXTENSIONS = YES;
				CLANG_ANALYZER_NONNULL = YES;
				CLANG_ANALYZER_NUMBER_OBJECT_CONVERSION = YES_AGGRESSIVE;
				CLANG_CXX_LANGUAGE_STANDARD = "gnu++20";
				CLANG_ENABLE_MODULES = YES;
				CLANG_ENABLE_OBJC_ARC = YES;
				CLANG_ENABLE_OBJC_WEAK = YES;
				CLANG_WARN_BLOCK_CAPTURE_AUTORELEASING = YES;
				CLANG_WARN_BOOL_CONVERSION = YES;
				CLANG_WARN_COMMA = YES;
				CLANG_WARN_CONSTANT_CONVERSION = YES;
				CLANG_WARN_DEPRECATED_OBJC_IMPLEMENTATIONS = YES;
				CLANG_WARN_DIRECT_OBJC_ISA_USAGE = YES_ERROR;
				CLANG_WARN_DOCUMENTATION_COMMENTS = YES;
				CLANG_WARN_EMPTY_BODY = YES;
				CLANG_WARN_ENUM_CONVERSION = YES;
				CLANG_WARN_INFINITE_RECURSION = YES;
				CLANG_WARN_INT_CONVERSION = YES;
				CLANG_WARN_NON_LITERAL_NULL_CONVERSION = YES;
				CLANG_WARN_OBJC_IMPLICIT_RETAIN_SELF = YES;
				CLANG_WARN_OBJC_LITERAL_CONVERSION = YES;
				CLANG_WARN_OBJC_ROOT_CLASS = YES_ERROR;
				CLANG_WARN_QUOTED_INCLUDE_IN_FRAMEWORK_HEADER = YES;
				CLANG_WARN_RANGE_LOOP_ANALYSIS = YES;
				CLANG_WARN_STRICT_PROTOTYPES = YES;
				CLANG_WARN_SUSPICIOUS_MOVE = YES;
				CLANG_WARN_UNGUARDED_AVAILABILITY = YES_AGGRESSIVE;
				CLANG_WARN_UNREACHABLE_CODE = YES;
				CLANG_WARN__DUPLICATE_METHOD_MATCH = YES;
				COPY_PHASE_STRIP = NO;
				DEBUG_INFORMATION_FORMAT = "dwarf-with-dsym";
				ENABLE_NS_ASSERTIONS = NO;
				ENABLE_STRICT_OBJC_MSGSEND = YES;
				ENABLE_USER_SCRIPT_SANDBOXING = YES;
				GCC_C_LANGUAGE_STANDARD = gnu17;
				GCC_NO_COMMON_BLOCKS = YES;
				GCC_WARN_64_TO_32_BIT_CONVERSION = YES;
				GCC_WARN_ABOUT_RETURN_TYPE = YES_ERROR;
				GCC_WARN_UNDECLARED_SELECTOR = YES;
				GCC_WARN_UNINITIALIZED_AUTOS = YES_AGGRESSIVE;
				GCC_WARN_UNUSED_FUNCTION = YES;
				GCC_WARN_UNUSED_VARIABLE = YES;
				LOCALIZATION_PREFERS_STRING_CATALOGS = YES;
				MTL_ENABLE_DEBUG_INFO = NO;
				MTL_FAST_MATH = YES;
				SDKROOT = appletvos;
				SWIFT_COMPILATION_MODE = wholemodule;
				TVOS_DEPLOYMENT_TARGET = 18.5;
				VALIDATE_PRODUCT = YES;
			};
			name = Release;
		};
		B0B65C612E66A8C300C46EE7 /* Debug */ = {
			isa = XCBuildConfiguration;
			buildSettings = {
				ASSETCATALOG_COMPILER_APPICON_NAME = "App Icon & Top Shelf Image";
				ASSETCATALOG_COMPILER_GLOBAL_ACCENT_COLOR_NAME = AccentColor;
				CODE_SIGN_STYLE = Automatic;
				CURRENT_PROJECT_VERSION = 1;
				ENABLE_PREVIEWS = YES;
				GENERATE_INFOPLIST_FILE = YES;
				INFOPLIST_KEY_UILaunchScreen_Generation = YES;
				INFOPLIST_KEY_UIUserInterfaceStyle = Automatic;
				LD_RUNPATH_SEARCH_PATHS = (
					"$(inherited)",
					"@executable_path/Frameworks",
				);
				MARKETING_VERSION = 1.0;
				PRODUCT_BUNDLE_IDENTIFIER = BoggsSystems.HingeTrade;
				PRODUCT_NAME = "$(TARGET_NAME)";
				SWIFT_EMIT_LOC_STRINGS = YES;
				SWIFT_VERSION = 5.0;
				TARGETED_DEVICE_FAMILY = 3;
			};
			name = Debug;
		};
		B0B65C622E66A8C300C46EE7 /* Release */ = {
			isa = XCBuildConfiguration;
			buildSettings = {
				ASSETCATALOG_COMPILER_APPICON_NAME = "App Icon & Top Shelf Image";
				ASSETCATALOG_COMPILER_GLOBAL_ACCENT_COLOR_NAME = AccentColor;
				CODE_SIGN_STYLE = Automatic;
				CURRENT_PROJECT_VERSION = 1;
				ENABLE_PREVIEWS = YES;
				GENERATE_INFOPLIST_FILE = YES;
				INFOPLIST_KEY_UILaunchScreen_Generation = YES;
				INFOPLIST_KEY_UIUserInterfaceStyle = Automatic;
				LD_RUNPATH_SEARCH_PATHS = (
					"$(inherited)",
					"@executable_path/Frameworks",
				);
				MARKETING_VERSION = 1.0;
				PRODUCT_BUNDLE_IDENTIFIER = BoggsSystems.HingeTrade;
				PRODUCT_NAME = "$(TARGET_NAME)";
				SWIFT_EMIT_LOC_STRINGS = YES;
				SWIFT_VERSION = 5.0;
				TARGETED_DEVICE_FAMILY = 3;
			};
			name = Release;
		};
		B0B65C642E66A8C300C46EE7 /* Debug */ = {
			isa = XCBuildConfiguration;
			buildSettings = {
				BUNDLE_LOADER = "$(TEST_HOST)";
				CODE_SIGN_STYLE = Automatic;
				CURRENT_PROJECT_VERSION = 1;
				GENERATE_INFOPLIST_FILE = YES;
				MARKETING_VERSION = 1.0;
				PRODUCT_BUNDLE_IDENTIFIER = BoggsSystems.HingeTradeTests;
				PRODUCT_NAME = "$(TARGET_NAME)";
				SWIFT_EMIT_LOC_STRINGS = NO;
				SWIFT_VERSION = 5.0;
				TARGETED_DEVICE_FAMILY = 3;
				TEST_HOST = "$(BUILT_PRODUCTS_DIR)/HingeTradeTVOS.app/$(BUNDLE_EXECUTABLE_FOLDER_PATH)/HingeTradeTVOS";
				TVOS_DEPLOYMENT_TARGET = 18.5;
			};
			name = Debug;
		};
		B0B65C652E66A8C300C46EE7 /* Release */ = {
			isa = XCBuildConfiguration;
			buildSettings = {
				BUNDLE_LOADER = "$(TEST_HOST)";
				CODE_SIGN_STYLE = Automatic;
				CURRENT_PROJECT_VERSION = 1;
				GENERATE_INFOPLIST_FILE = YES;
				MARKETING_VERSION = 1.0;
				PRODUCT_BUNDLE_IDENTIFIER = BoggsSystems.HingeTradeTests;
				PRODUCT_NAME = "$(TARGET_NAME)";
				SWIFT_EMIT_LOC_STRINGS = NO;
				SWIFT_VERSION = 5.0;
				TARGETED_DEVICE_FAMILY = 3;
				TEST_HOST = "$(BUILT_PRODUCTS_DIR)/HingeTradeTVOS.app/$(BUNDLE_EXECUTABLE_FOLDER_PATH)/HingeTradeTVOS";
				TVOS_DEPLOYMENT_TARGET = 18.5;
			};
			name = Release;
		};
		B0B65C672E66A8C300C46EE7 /* Debug */ = {
			isa = XCBuildConfiguration;
			buildSettings = {
				CODE_SIGN_STYLE = Automatic;
				CURRENT_PROJECT_VERSION = 1;
				GENERATE_INFOPLIST_FILE = YES;
				MARKETING_VERSION = 1.0;
				PRODUCT_BUNDLE_IDENTIFIER = BoggsSystems.HingeTradeUITests;
				PRODUCT_NAME = "$(TARGET_NAME)";
				SWIFT_EMIT_LOC_STRINGS = NO;
				SWIFT_VERSION = 5.0;
				TARGETED_DEVICE_FAMILY = 3;
				TEST_TARGET_NAME = HingeTrade;
			};
			name = Debug;
		};
		B0B65C682E66A8C300C46EE7 /* Release */ = {
			isa = XCBuildConfiguration;
			buildSettings = {
				CODE_SIGN_STYLE = Automatic;
				CURRENT_PROJECT_VERSION = 1;
				GENERATE_INFOPLIST_FILE = YES;
				MARKETING_VERSION = 1.0;
				PRODUCT_BUNDLE_IDENTIFIER = BoggsSystems.HingeTradeUITests;
				PRODUCT_NAME = "$(TARGET_NAME)";
				SWIFT_EMIT_LOC_STRINGS = NO;
				SWIFT_VERSION = 5.0;
				TARGETED_DEVICE_FAMILY = 3;
				TEST_TARGET_NAME = HingeTrade;
			};
			name = Release;
		};
/* End XCBuildConfiguration section */

/* Begin XCConfigurationList section */
		B0B65C3A2E66A8C000C46EE7 /* Build configuration list for PBXProject "HingeTradeTVOS" */ = {
			isa = XCConfigurationList;
			buildConfigurations = (
				B0B65C5E2E66A8C300C46EE7 /* Debug */,
				B0B65C5F2E66A8C300C46EE7 /* Release */,
			);
			defaultConfigurationIsVisible = 0;
			defaultConfigurationName = Release;
		};
		B0B65C602E66A8C300C46EE7 /* Build configuration list for PBXNativeTarget "HingeTradeTVOS" */ = {
			isa = XCConfigurationList;
			buildConfigurations = (
				B0B65C612E66A8C300C46EE7 /* Debug */,
				B0B65C622E66A8C300C46EE7 /* Release */,
			);
			defaultConfigurationIsVisible = 0;
			defaultConfigurationName = Release;
		};
		B0B65C632E66A8C300C46EE7 /* Build configuration list for PBXNativeTarget "HingeTradeTVOSTests" */ = {
			isa = XCConfigurationList;
			buildConfigurations = (
				B0B65C642E66A8C300C46EE7 /* Debug */,
				B0B65C652E66A8C300C46EE7 /* Release */,
			);
			defaultConfigurationIsVisible = 0;
			defaultConfigurationName = Release;
		};
		B0B65C662E66A8C300C46EE7 /* Build configuration list for PBXNativeTarget "HingeTradeTVOSUITests" */ = {
			isa = XCConfigurationList;
			buildConfigurations = (
				B0B65C672E66A8C300C46EE7 /* Debug */,
				B0B65C682E66A8C300C46EE7 /* Release */,
			);
			defaultConfigurationIsVisible = 0;
			defaultConfigurationName = Release;
		};
/* End XCConfigurationList section */
	};
	rootObject = B0B65C372E66A8C000C46EE7 /* Project object */;
}
